
Microsoft Visual Studio Solution File, Format Version 12.00
# Visual Studio Version 16
VisualStudioVersion = 16.0.29123.88
MinimumVisualStudioVersion = 10.0.40219.1
Project("{FAE04EC0-301F-11D3-BF4B-00C04F79EFBC}") = "diovanconsole", "diovanconsole\diovanconsole.csproj", "{3A5EC5BF-4429-48D2-90EC-CBEDEF4B2DE0}"
EndProject
Project("{FAE04EC0-301F-11D3-BF4B-00C04F79EFBC}") = "winforms", "winforms\winforms.csproj", "{4D886169-5E00-4092-A612-BA92CC0FD9DA}"
EndProject
Project("{FAE04EC0-301F-11D3-BF4B-00C04F79EFBC}") = "Website", "Website\Website.csproj", "{5721A382-4CB3-47BE-9B73-A133A44989CA}"
EndProject
Global
	GlobalSection(SolutionConfigurationPlatforms) = preSolution
		Debug|Any CPU = Debug|Any CPU
		Release|Any CPU = Release|Any CPU
	EndGlobalSection
	GlobalSection(ProjectConfigurationPlatforms) = postSolution
		{3A5EC5BF-4429-48D2-90EC-CBEDEF4B2DE0}.Debug|Any CPU.ActiveCfg = Debug|Any CPU
		{3A5EC5BF-4429-48D2-90EC-CBEDEF4B2DE0}.Debug|Any CPU.Build.0 = Debug|Any CPU
		{3A5EC5BF-4429-48D2-90EC-CBEDEF4B2DE0}.Release|Any CPU.ActiveCfg = Release|Any CPU
		{3A5EC5BF-4429-48D2-90EC-CBEDEF4B2DE0}.Release|Any CPU.Build.0 = Release|Any CPU
		{4D886169-5E00-4092-A612-BA92CC0FD9DA}.Debug|Any CPU.ActiveCfg = Debug|Any CPU
		{4D886169-5E00-4092-A612-BA92CC0FD9DA}.Debug|Any CPU.Build.0 = Debug|Any CPU
		{4D886169-5E00-4092-A612-BA92CC0FD9DA}.Release|Any CPU.ActiveCfg = Release|Any CPU
		{4D886169-5E00-4092-A612-BA92CC0FD9DA}.Release|Any CPU.Build.0 = Release|Any CPU
		{5721A382-4CB3-47BE-9B73-A133A44989CA}.Debug|Any CPU.ActiveCfg = Debug|Any CPU
		{5721A382-4CB3-47BE-9B73-A133A44989CA}.Debug|Any CPU.Build.0 = Debug|Any CPU
		{5721A382-4CB3-47BE-9B73-A133A44989CA}.Release|Any CPU.ActiveCfg = Release|Any CPU
		{5721A382-4CB3-47BE-9B73-A133A44989CA}.Release|Any CPU.Build.0 = Release|Any CPU
	EndGlobalSection
	GlobalSection(SolutionProperties) = preSolution
		HideSolutionNode = FALSE
	EndGlobalSection
	GlobalSection(ExtensibilityGlobals) = postSolution
		SolutionGuid = {48BD9EB9-309C-477C-92C9-048A5DFD0B99}
	EndGlobalSection
EndGlobal
